
Microsoft Visual Studio Solution File, Format Version 12.00
# Visual Studio 2013
VisualStudioVersion = 12.0.31101.0
MinimumVisualStudioVersion = 10.0.40219.1
Project("{FAE04EC0-301F-11D3-BF4B-00C04F79EFBC}") = "Task1.Tests", "Task1.Tests\Task1.Tests.csproj", "{6B129F83-AB47-46E7-831E-16C3F116B6F9}"
EndProject
Project("{FAE04EC0-301F-11D3-BF4B-00C04F79EFBC}") = "Task1.Library", "Task1.Library\Task1.Library.csproj", "{F06F0B93-01E0-4D25-817E-E5728B38A365}"
EndProject
Project("{FAE04EC0-301F-11D3-BF4B-00C04F79EFBC}") = "Task2.Library", "Task2.Library\Task2.Library.csproj", "{364FD820-AC60-4646-880B-09467AB51EE5}"
EndProject
Project("{FAE04EC0-301F-11D3-BF4B-00C04F79EFBC}") = "Task2.Tests", "Task2.Tests\Task2.Tests.csproj", "{B427F930-518D-4532-94B8-D0054D2A12FF}"
EndProject
Global
	GlobalSection(SolutionConfigurationPlatforms) = preSolution
		Debug|Any CPU = Debug|Any CPU
		Release|Any CPU = Release|Any CPU
	EndGlobalSection
	GlobalSection(ProjectConfigurationPlatforms) = postSolution
		{6B129F83-AB47-46E7-831E-16C3F116B6F9}.Debug|Any CPU.ActiveCfg = Debug|Any CPU
		{6B129F83-AB47-46E7-831E-16C3F116B6F9}.Debug|Any CPU.Build.0 = Debug|Any CPU
		{6B129F83-AB47-46E7-831E-16C3F116B6F9}.Release|Any CPU.ActiveCfg = Release|Any CPU
		{6B129F83-AB47-46E7-831E-16C3F116B6F9}.Release|Any CPU.Build.0 = Release|Any CPU
		{F06F0B93-01E0-4D25-817E-E5728B38A365}.Debug|Any CPU.ActiveCfg = Debug|Any CPU
		{F06F0B93-01E0-4D25-817E-E5728B38A365}.Debug|Any CPU.Build.0 = Debug|Any CPU
		{F06F0B93-01E0-4D25-817E-E5728B38A365}.Release|Any CPU.ActiveCfg = Release|Any CPU
		{F06F0B93-01E0-4D25-817E-E5728B38A365}.Release|Any CPU.Build.0 = Release|Any CPU
		{364FD820-AC60-4646-880B-09467AB51EE5}.Debug|Any CPU.ActiveCfg = Debug|Any CPU
		{364FD820-AC60-4646-880B-09467AB51EE5}.Debug|Any CPU.Build.0 = Debug|Any CPU
		{364FD820-AC60-4646-880B-09467AB51EE5}.Release|Any CPU.ActiveCfg = Release|Any CPU
		{364FD820-AC60-4646-880B-09467AB51EE5}.Release|Any CPU.Build.0 = Release|Any CPU
		{B427F930-518D-4532-94B8-D0054D2A12FF}.Debug|Any CPU.ActiveCfg = Debug|Any CPU
		{B427F930-518D-4532-94B8-D0054D2A12FF}.Debug|Any CPU.Build.0 = Debug|Any CPU
		{B427F930-518D-4532-94B8-D0054D2A12FF}.Release|Any CPU.ActiveCfg = Release|Any CPU
		{B427F930-518D-4532-94B8-D0054D2A12FF}.Release|Any CPU.Build.0 = Release|Any CPU
	EndGlobalSection
	GlobalSection(SolutionProperties) = preSolution
		HideSolutionNode = FALSE
	EndGlobalSection
EndGlobal
